{
  "pins" : [
    {
      "identity" : "alamofire",
      "kind" : "remoteSourceControl",
      "location" : "https://github.com/Alamofire/Alamofire.git",
      "state" : {
        "revision" : "8dd85aee02e39dd280c75eef88ffdb86eed4b07b",
        "version" : "5.6.2"
      }
    },
    {
      "identity" : "alamofireimage",
      "kind" : "remoteSourceControl",
      "location" : "https://github.com/Alamofire/AlamofireImage.git",
      "state" : {
        "revision" : "98cbb00ce0ec5fc8e52a5b50a6bfc08d3e5aee10",
        "version" : "4.2.0"
      }
    },
    {
      "identity" : "objectmapper",
      "kind" : "remoteSourceControl",
      "location" : "https://github.com/tristanhimmelman/ObjectMapper.git",
      "state" : {
        "revision" : "0b96a734de3ea1c87374ae677064f86adb0716ec",
        "version" : "4.2.0"
      }
    },
    {
      "identity" : "partialsheet",
      "kind" : "remoteSourceControl",
      "location" : "https://github.com/AndreaMiotto/PartialSheet",
      "state" : {
        "revision" : "422d748bfb149b2af4b48e43b7b6197bd8a727c1",
        "version" : "2.1.14"
      }
    },
    {
      "identity" : "swiftui-introspect",
      "kind" : "remoteSourceControl",
      "location" : "https://github.com/siteline/SwiftUI-Introspect.git",
      "state" : {
        "revision" : "f2616860a41f9d9932da412a8978fec79c06fe24",
        "version" : "0.1.4"
      }
    },
    {
      "identity" : "swiftuirefresh",
      "kind" : "remoteSourceControl",
      "location" : "https://github.com/timbersoftware/SwiftUIRefresh.git",
      "state" : {
        "revision" : "fa8fac7b5eb5c729983a8bef65f094b5e0d12014",
        "version" : "0.0.3"
      }
    }
  ],
  "version" : 2
}
